
Microsoft Visual Studio Solution File, Format Version 12.00
# Visual Studio 15
VisualStudioVersion = 15.0.27130.2024
MinimumVisualStudioVersion = 10.0.40219.1
Project("{FAE04EC0-301F-11D3-BF4B-00C04F79EFBC}") = "BM.Experiments", "BM.Experiments\BM.Experiments.csproj", "{629280C1-BFE5-4037-928D-50274D07297E}"
EndProject
Global
	GlobalSection(SolutionConfigurationPlatforms) = preSolution
		Debug|Any CPU = Debug|Any CPU
		Release|Any CPU = Release|Any CPU
	EndGlobalSection
	GlobalSection(ProjectConfigurationPlatforms) = postSolution
		{629280C1-BFE5-4037-928D-50274D07297E}.Debug|Any CPU.ActiveCfg = Debug|Any CPU
		{629280C1-BFE5-4037-928D-50274D07297E}.Debug|Any CPU.Build.0 = Debug|Any CPU
		{629280C1-BFE5-4037-928D-50274D07297E}.Release|Any CPU.ActiveCfg = Release|Any CPU
		{629280C1-BFE5-4037-928D-50274D07297E}.Release|Any CPU.Build.0 = Release|Any CPU
	EndGlobalSection
	GlobalSection(SolutionProperties) = preSolution
		HideSolutionNode = FALSE
	EndGlobalSection
	GlobalSection(ExtensibilityGlobals) = postSolution
		SolutionGuid = {654D5EBD-DB1F-445A-8DDC-E52E6A3C3811}
	EndGlobalSection
EndGlobal
